
Microsoft Visual Studio Solution File, Format Version 11.00
# Visual Studio 2010
Project("{FAE04EC0-301F-11D3-BF4B-00C04F79EFBC}") = "Zenject", "Zenject.csproj", "{b1db8f49-790f-69fe-0162-732461fa0e4a}"
EndProject
Project("{FAE04EC0-301F-11D3-BF4B-00C04F79EFBC}") = "Assembly-CSharp", "Assembly-CSharp.csproj", "{b7bc332e-37f4-edbb-7023-8123bf9d28c7}"
EndProject
Project("{FAE04EC0-301F-11D3-BF4B-00C04F79EFBC}") = "Zenject-Editor", "Zenject-Editor.csproj", "{fd634329-d225-5130-9fc6-68b93aa6248d}"
EndProject
Project("{FAE04EC0-301F-11D3-BF4B-00C04F79EFBC}") = "Sirenix.OdinInspector.Modules.UnityMathematics", "Sirenix.OdinInspector.Modules.UnityMathematics.csproj", "{426431de-9541-fafc-e097-c9a2a3d2496f}"
EndProject
Project("{FAE04EC0-301F-11D3-BF4B-00C04F79EFBC}") = "Assembly-CSharp-firstpass", "Assembly-CSharp-firstpass.csproj", "{0d74d675-98e6-c176-49eb-8d26269dec1a}"
EndProject
Project("{FAE04EC0-301F-11D3-BF4B-00C04F79EFBC}") = "Assembly-CSharp-Editor-firstpass", "Assembly-CSharp-Editor-firstpass.csproj", "{5eb33f04-73d3-ddff-9123-232029dda670}"
EndProject
Global
	GlobalSection(SolutionConfigurationPlatforms) = preSolution
		Debug|Any CPU = Debug|Any CPU
	EndGlobalSection
	GlobalSection(ProjectConfigurationPlatforms) = postSolution
		{b1db8f49-790f-69fe-0162-732461fa0e4a}.Debug|Any CPU.ActiveCfg = Debug|Any CPU
		{b1db8f49-790f-69fe-0162-732461fa0e4a}.Debug|Any CPU.Build.0 = Debug|Any CPU
		{b7bc332e-37f4-edbb-7023-8123bf9d28c7}.Debug|Any CPU.ActiveCfg = Debug|Any CPU
		{b7bc332e-37f4-edbb-7023-8123bf9d28c7}.Debug|Any CPU.Build.0 = Debug|Any CPU
		{fd634329-d225-5130-9fc6-68b93aa6248d}.Debug|Any CPU.ActiveCfg = Debug|Any CPU
		{fd634329-d225-5130-9fc6-68b93aa6248d}.Debug|Any CPU.Build.0 = Debug|Any CPU
		{426431de-9541-fafc-e097-c9a2a3d2496f}.Debug|Any CPU.ActiveCfg = Debug|Any CPU
		{426431de-9541-fafc-e097-c9a2a3d2496f}.Debug|Any CPU.Build.0 = Debug|Any CPU
		{0d74d675-98e6-c176-49eb-8d26269dec1a}.Debug|Any CPU.ActiveCfg = Debug|Any CPU
		{0d74d675-98e6-c176-49eb-8d26269dec1a}.Debug|Any CPU.Build.0 = Debug|Any CPU
		{5eb33f04-73d3-ddff-9123-232029dda670}.Debug|Any CPU.ActiveCfg = Debug|Any CPU
		{5eb33f04-73d3-ddff-9123-232029dda670}.Debug|Any CPU.Build.0 = Debug|Any CPU
	EndGlobalSection
	GlobalSection(SolutionProperties) = preSolution
		HideSolutionNode = FALSE
	EndGlobalSection
EndGlobal
